// !$*UTF8*$!
{
	archiveVersion = 1;
	classes = {
	};
	objectVersion = 56;
	objects = {

/* Begin PBXBuildFile section */
		A10000012C67000100000001 /* OwlFixWiFiApp.swift in Sources */ = {isa = PBXBuildFile; fileRef = A10000012C67000200000001 /* OwlFixWiFiApp.swift */; };
		A10000012C67000100000002 /* ContentView.swift in Sources */ = {isa = PBXBuildFile; fileRef = A10000012C67000200000002 /* ContentView.swift */; };
		A10000012C67000100000003 /* NetworkTools.swift in Sources */ = {isa = PBXBuildFile; fileRef = A10000012C67000200000003 /* NetworkTools.swift */; };
		A10000012C67000100000004 /* StatusMonitor.swift in Sources */ = {isa = PBXBuildFile; fileRef = A10000012C67000200000004 /* StatusMonitor.swift */; };
		A10000012C67000100000005 /* LogEntry.swift in Sources */ = {isa = PBXBuildFile; fileRef = A10000012C67000200000005 /* LogEntry.swift */; };
		A10000012C67000100000006 /* NetworkStatus.swift in Sources */ = {isa = PBXBuildFile; fileRef = A10000012C67000200000006 /* NetworkStatus.swift */; };
		A10000012C67000100000007 /* HeaderView.swift in Sources */ = {isa = PBXBuildFile; fileRef = A10000012C67000200000007 /* HeaderView.swift */; };
		A10000012C67000100000008 /* NetworkStatusCard.swift in Sources */ = {isa = PBXBuildFile; fileRef = A10000012C67000200000008 /* NetworkStatusCard.swift */; };
		A10000012C67000100000009 /* RepairModeView.swift in Sources */ = {isa = PBXBuildFile; fileRef = A10000012C67000200000009 /* RepairModeView.swift */; };
		A10000012C6700010000000A /* LogConsoleView.swift in Sources */ = {isa = PBXBuildFile; fileRef = A10000012C6700020000000A /* LogConsoleView.swift */; };
		A10000012C6700010000000B /* ClashConfigAdvisorView.swift in Sources */ = {isa = PBXBuildFile; fileRef = A10000012C6700020000000B /* ClashConfigAdvisorView.swift */; };
		A10000012C6700010000000C /* Assets.xcassets in Resources */ = {isa = PBXBuildFile; fileRef = A10000012C6700020000000C /* Assets.xcassets */; };
		A10000012C6700010000000D /* wifi-fix-tun.sh in Resources */ = {isa = PBXBuildFile; fileRef = A10000012C6700020000000D /* wifi-fix-tun.sh */; };
/* End PBXBuildFile section */

/* Begin PBXFileReference section */
		A10000012C67000000000001 /* OwlFixWiFi.app */ = {isa = PBXFileReference; explicitFileType = wrapper.application; includeInIndex = 0; path = OwlFixWiFi.app; sourceTree = BUILT_PRODUCTS_DIR; };
		A10000012C67000200000001 /* OwlFixWiFiApp.swift */ = {isa = PBXFileReference; lastKnownFileType = sourcecode.swift; path = OwlFixWiFiApp.swift; sourceTree = "<group>"; };
		A10000012C67000200000002 /* ContentView.swift */ = {isa = PBXFileReference; lastKnownFileType = sourcecode.swift; path = ContentView.swift; sourceTree = "<group>"; };
		A10000012C67000200000003 /* NetworkTools.swift */ = {isa = PBXFileReference; lastKnownFileType = sourcecode.swift; path = NetworkTools.swift; sourceTree = "<group>"; };
		A10000012C67000200000004 /* StatusMonitor.swift */ = {isa = PBXFileReference; lastKnownFileType = sourcecode.swift; path = StatusMonitor.swift; sourceTree = "<group>"; };
		A10000012C67000200000005 /* LogEntry.swift */ = {isa = PBXFileReference; lastKnownFileType = sourcecode.swift; path = LogEntry.swift; sourceTree = "<group>"; };
		A10000012C67000200000006 /* NetworkStatus.swift */ = {isa = PBXFileReference; lastKnownFileType = sourcecode.swift; path = NetworkStatus.swift; sourceTree = "<group>"; };
		A10000012C67000200000007 /* HeaderView.swift */ = {isa = PBXFileReference; lastKnownFileType = sourcecode.swift; path = HeaderView.swift; sourceTree = "<group>"; };
		A10000012C67000200000008 /* NetworkStatusCard.swift */ = {isa = PBXFileReference; lastKnownFileType = sourcecode.swift; path = NetworkStatusCard.swift; sourceTree = "<group>"; };
		A10000012C67000200000009 /* RepairModeView.swift */ = {isa = PBXFileReference; lastKnownFileType = sourcecode.swift; path = RepairModeView.swift; sourceTree = "<group>"; };
		A10000012C6700020000000A /* LogConsoleView.swift */ = {isa = PBXFileReference; lastKnownFileType = sourcecode.swift; path = LogConsoleView.swift; sourceTree = "<group>"; };
		A10000012C6700020000000B /* ClashConfigAdvisorView.swift */ = {isa = PBXFileReference; lastKnownFileType = sourcecode.swift; path = ClashConfigAdvisorView.swift; sourceTree = "<group>"; };
		A10000012C6700020000000C /* Assets.xcassets */ = {isa = PBXFileReference; lastKnownFileType = folder.assetcatalog; path = Assets.xcassets; sourceTree = "<group>"; };
		A10000012C6700020000000D /* wifi-fix-tun.sh */ = {isa = PBXFileReference; lastKnownFileType = text.script.sh; path = "wifi-fix-tun.sh"; sourceTree = "<group>"; };
		A10000012C6700020000000E /* Info.plist */ = {isa = PBXFileReference; lastKnownFileType = text.plist.xml; path = Info.plist; sourceTree = "<group>"; };
/* End PBXFileReference section */

/* Begin PBXFrameworksBuildPhase section */
		A10000012C67000000000002 /* Frameworks */ = {
			isa = PBXFrameworksBuildPhase;
			buildActionMask = 2147483647;
			files = (
			);
			runOnlyForDeploymentPostprocessing = 0;
		};
/* End PBXFrameworksBuildPhase section */

/* Begin PBXGroup section */
		A10000002C67000000000000 = {
			isa = PBXGroup;
			children = (
				A10000012C67000000000010 /* OwlFixWiFi */,
				A10000012C67000000000020 /* Products */,
			);
			sourceTree = "<group>";
		};
		A10000012C67000000000010 /* OwlFixWiFi */ = {
			isa = PBXGroup;
			children = (
				A10000012C67000200000001 /* OwlFixWiFiApp.swift */,
				A10000012C67000200000002 /* ContentView.swift */,
				A10000012C67000200000003 /* NetworkTools.swift */,
				A10000012C67000200000004 /* StatusMonitor.swift */,
				A10000012C67000000000030 /* Models */,
				A10000012C67000000000040 /* Views */,
				A10000012C67000000000050 /* Resources */,
				A10000012C6700020000000C /* Assets.xcassets */,
				A10000012C6700020000000E /* Info.plist */,
			);
			path = OwlFixWiFi;
			sourceTree = "<group>";
		};
		A10000012C67000000000030 /* Models */ = {
			isa = PBXGroup;
			children = (
				A10000012C67000200000005 /* LogEntry.swift */,
				A10000012C67000200000006 /* NetworkStatus.swift */,
			);
			path = Models;
			sourceTree = "<group>";
		};
		A10000012C67000000000040 /* Views */ = {
			isa = PBXGroup;
			children = (
				A10000012C67000200000007 /* HeaderView.swift */,
				A10000012C67000200000008 /* NetworkStatusCard.swift */,
				A10000012C67000200000009 /* RepairModeView.swift */,
				A10000012C6700020000000A /* LogConsoleView.swift */,
				A10000012C6700020000000B /* ClashConfigAdvisorView.swift */,
			);
			path = Views;
			sourceTree = "<group>";
		};
		A10000012C67000000000050 /* Resources */ = {
			isa = PBXGroup;
			children = (
				A10000012C6700020000000D /* wifi-fix-tun.sh */,
			);
			path = Resources;
			sourceTree = "<group>";
		};
		A10000012C67000000000020 /* Products */ = {
			isa = PBXGroup;
			children = (
				A10000012C67000000000001 /* OwlFixWiFi.app */,
			);
			name = Products;
			sourceTree = "<group>";
		};
/* End PBXGroup section */

/* Begin PBXNativeTarget section */
		A10000012C67000000000003 /* OwlFixWiFi */ = {
			isa = PBXNativeTarget;
			buildConfigurationList = A10000012C67000000000006 /* Build configuration list for PBXNativeTarget "OwlFixWiFi" */;
			buildPhases = (
				A10000012C67000000000004 /* Sources */,
				A10000012C67000000000002 /* Frameworks */,
				A10000012C67000000000005 /* Resources */,
			);
			buildRules = (
			);
			dependencies = (
			);
			name = OwlFixWiFi;
			productName = OwlFixWiFi;
			productReference = A10000012C67000000000001 /* OwlFixWiFi.app */;
			productType = "com.apple.product-type.application";
		};
/* End PBXNativeTarget section */

/* Begin PBXProject section */
		A10000002C67000000000001 /* Project object */ = {
			isa = PBXProject;
			attributes = {
				BuildIndependentTargetsInParallel = 1;
				LastSwiftUpdateCheck = 1500;
				LastUpgradeCheck = 1500;
				TargetAttributes = {
					A10000012C67000000000003 = {
						CreatedOnToolsVersion = 15.0;
					};
				};
			};
			buildConfigurationList = A10000002C67000000000002 /* Build configuration list for PBXProject "OwlFixWiFi" */;
			compatibilityVersion = "Xcode 14.0";
			developmentRegion = en;
			hasScannedForEncodings = 0;
			knownRegions = (
				en,
				Base,
			);
			mainGroup = A10000002C67000000000000;
			productRefGroup = A10000012C67000000000020 /* Products */;
			projectDirPath = "";
			projectRoot = "";
			targets = (
				A10000012C67000000000003 /* OwlFixWiFi */,
			);
		};
/* End PBXProject section */

/* Begin PBXResourcesBuildPhase section */
		A10000012C67000000000005 /* Resources */ = {
			isa = PBXResourcesBuildPhase;
			buildActionMask = 2147483647;
			files = (
				A10000012C6700010000000C /* Assets.xcassets in Resources */,
				A10000012C6700010000000D /* wifi-fix-tun.sh in Resources */,
			);
			runOnlyForDeploymentPostprocessing = 0;
		};
/* End PBXResourcesBuildPhase section */

/* Begin PBXSourcesBuildPhase section */
		A10000012C67000000000004 /* Sources */ = {
			isa = PBXSourcesBuildPhase;
			buildActionMask = 2147483647;
			files = (
				A10000012C67000100000001 /* OwlFixWiFiApp.swift in Sources */,
				A10000012C67000100000002 /* ContentView.swift in Sources */,
				A10000012C67000100000003 /* NetworkTools.swift in Sources */,
				A10000012C67000100000004 /* StatusMonitor.swift in Sources */,
				A10000012C67000100000005 /* LogEntry.swift in Sources */,
				A10000012C67000100000006 /* NetworkStatus.swift in Sources */,
				A10000012C67000100000007 /* HeaderView.swift in Sources */,
				A10000012C67000100000008 /* NetworkStatusCard.swift in Sources */,
				A10000012C67000100000009 /* RepairModeView.swift in Sources */,
				A10000012C6700010000000A /* LogConsoleView.swift in Sources */,
				A10000012C6700010000000B /* ClashConfigAdvisorView.swift in Sources */,
			);
			runOnlyForDeploymentPostprocessing = 0;
		};
/* End PBXSourcesBuildPhase section */

/* Begin XCBuildConfiguration section */
		A10000002C67000000000004 /* Debug */ = {
			isa = XCBuildConfiguration;
			buildSettings = {
				ALWAYS_SEARCH_USER_PATHS = NO;
				CLANG_ANALYZER_NONNULL = YES;
				CLANG_ANALYZER_NUMBER_OBJECT_CONVERSION = YES_AGGRESSIVE;
				CLANG_CXX_LANGUAGE_STANDARD = "gnu++20";
				CLANG_ENABLE_MODULES = YES;
				CLANG_ENABLE_OBJC_ARC = YES;
				CLANG_ENABLE_OBJC_WEAK = YES;
				CLANG_WARN_BLOCK_CAPTURE_AUTORELEASING = YES;
				CLANG_WARN_BOOL_CONVERSION = YES;
				CLANG_WARN_COMPOUND_ASSIGNMENT_ROUTINES = YES;
				CLANG_WARN_CONSTANT_CONVERSION = YES;
				CLANG_WARN_DEPRECATED_OBJC_IMPLEMENTATIONS = YES;
				CLANG_WARN_DIRECT_OBJC_ISA_USAGE = YES_ERROR;
				CLANG_WARN_DOCUMENTATION_COMMENTS = YES;
				CLANG_WARN_EMPTY_BODY = YES;
				CLANG_WARN_ENUM_CONVERSION = YES;
				CLANG_WARN_INFINITE_RECURSION = YES;
				CLANG_WARN_INT_CONVERSION = YES;
				CLANG_WARN_NON_LITERAL_NULL_CONVERSION = YES;
				CLANG_WARN_OBJC_IMPLICIT_RETAIN_SELF = YES;
				CLANG_WARN_OBJC_LITERAL_CONVERSION = YES;
				CLANG_WARN_OBJC_ROOT_CLASS = YES_ERROR;
				CLANG_WARN_QUOTED_INCLUDE_IN_FRAMEWORK_HEADER = YES;
				CLANG_WARN_RANGE_LOOP_ANALYSIS = YES;
				CLANG_WARN_STRICT_PROTOTYPES = YES;
				CLANG_WARN_SUSPICIOUS_MOVE = YES;
				CLANG_WARN_UNGUARDED_AVAILABILITY = YES_AGGRESSIVE;
				CLANG_WARN_UNREACHABLE_CODE = YES;
				CLANG_WARN__DUPLICATE_METHOD_MATCH = YES;
				COPY_PHASE_STRIP = NO;
				DEBUG_INFORMATION_FORMAT = dwarf;
				ENABLE_STRICT_OBJC_MSGSEND = YES;
				ENABLE_TESTABILITY = YES;
				GCC_C_LANGUAGE_STANDARD = gnu11;
				GCC_DYNAMIC_NO_PIC = NO;
				GCC_NO_COMMON_BLOCKS = YES;
				GCC_OPTIMIZATION_LEVEL = 0;
				GCC_PREPROCESSOR_DEFINITIONS = (
					"DEBUG=1",
					"$(inherited)",
				);
				GCC_WARN_64_TO_32_BIT_CONVERSION = YES;
				GCC_WARN_ABOUT_RETURN_TYPE = YES_ERROR;
				GCC_WARN_UNDECLARED_SELECTOR = YES;
				GCC_WARN_UNINITIALIZED_AUTOS = YES_AGGRESSIVE;
				GCC_WARN_UNUSED_FUNCTION = YES;
				GCC_WARN_UNUSED_VARIABLE = YES;
				MACOSX_DEPLOYMENT_TARGET = 12.0;
				MTL_ENABLE_DEBUG_INFO = INCLUDE_SOURCE;
				MTL_FAST_MATH = YES;
				ONLY_ACTIVE_ARCH = YES;
				SDKROOT = macosx;
				SWIFT_ACTIVE_COMPILATION_CONDITIONS = DEBUG;
				SWIFT_OPTIMIZATION_LEVEL = "-Onone";
			};
			name = Debug;
		};
		A10000002C67000000000005 /* Release */ = {
			isa = XCBuildConfiguration;
			buildSettings = {
				ALWAYS_SEARCH_USER_PATHS = NO;
				CLANG_ANALYZER_NONNULL = YES;
				CLANG_ANALYZER_NUMBER_OBJECT_CONVERSION = YES_AGGRESSIVE;
				CLANG_CXX_LANGUAGE_STANDARD = "gnu++20";
				CLANG_ENABLE_MODULES = YES;
				CLANG_ENABLE_OBJC_ARC = YES;
				CLANG_ENABLE_OBJC_WEAK = YES;
				CLANG_WARN_BLOCK_CAPTURE_AUTORELEASING = YES;
				CLANG_WARN_BOOL_CONVERSION = YES;
				CLANG_WARN_COMPOUND_ASSIGNMENT_ROUTINES = YES;
				CLANG_WARN_CONSTANT_CONVERSION = YES;
				CLANG_WARN_DEPRECATED_OBJC_IMPLEMENTATIONS = YES;
				CLANG_WARN_DIRECT_OBJC_ISA_USAGE = YES_ERROR;
				CLANG_WARN_DOCUMENTATION_COMMENTS = YES;
				CLANG_WARN_EMPTY_BODY = YES;
				CLANG_WARN_ENUM_CONVERSION = YES;
				CLANG_WARN_INFINITE_RECURSION = YES;
				CLANG_WARN_INT_CONVERSION = YES;
				CLANG_WARN_NON_LITERAL_NULL_CONVERSION = YES;
				CLANG_WARN_OBJC_IMPLICIT_RETAIN_SELF = YES;
				CLANG_WARN_OBJC_LITERAL_CONVERSION = YES;
				CLANG_WARN_OBJC_ROOT_CLASS = YES_ERROR;
				CLANG_WARN_QUOTED_INCLUDE_IN_FRAMEWORK_HEADER = YES;
				CLANG_WARN_RANGE_LOOP_ANALYSIS = YES;
				CLANG_WARN_STRICT_PROTOTYPES = YES;
				CLANG_WARN_SUSPICIOUS_MOVE = YES;
				CLANG_WARN_UNGUARDED_AVAILABILITY = YES_AGGRESSIVE;
				CLANG_WARN_UNREACHABLE_CODE = YES;
				CLANG_WARN__DUPLICATE_METHOD_MATCH = YES;
				COPY_PHASE_STRIP = NO;
				DEBUG_INFORMATION_FORMAT = "dwarf-with-dsym";
				ENABLE_NS_ASSERTIONS = NO;
				ENABLE_STRICT_OBJC_MSGSEND = YES;
				GCC_C_LANGUAGE_STANDARD = gnu11;
				GCC_NO_COMMON_BLOCKS = YES;
				GCC_WARN_64_TO_32_BIT_CONVERSION = YES;
				GCC_WARN_ABOUT_RETURN_TYPE = YES_ERROR;
				GCC_WARN_UNDECLARED_SELECTOR = YES;
				GCC_WARN_UNINITIALIZED_AUTOS = YES_AGGRESSIVE;
				GCC_WARN_UNUSED_FUNCTION = YES;
				GCC_WARN_UNUSED_VARIABLE = YES;
				MACOSX_DEPLOYMENT_TARGET = 12.0;
				MTL_ENABLE_DEBUG_INFO = NO;
				MTL_FAST_MATH = YES;
				SDKROOT = macosx;
				SWIFT_COMPILATION_MODE = wholemodule;
				SWIFT_OPTIMIZATION_LEVEL = "-O";
			};
			name = Release;
		};
		A10000012C67000000000007 /* Debug */ = {
			isa = XCBuildConfiguration;
			buildSettings = {
				ASSETCATALOG_COMPILER_APPICON_NAME = AppIcon;
				ASSETCATALOG_COMPILER_GLOBAL_ACCENT_COLOR_NAME = AccentColor;
				CODE_SIGN_STYLE = Automatic;
				COMBINE_HIDPI_IMAGES = YES;
				CURRENT_PROJECT_VERSION = 1;
				GENERATE_INFOPLIST_FILE = NO;
				INFOPLIST_FILE = OwlFixWiFi/Info.plist;
				INFOPLIST_KEY_NSHumanReadableCopyright = "";
				LD_RUNPATH_SEARCH_PATHS = (
					"$(inherited)",
					"@executable_path/../Frameworks",
				);
				MARKETING_VERSION = 1.1.0;
				PRODUCT_BUNDLE_IDENTIFIER = com.owlfix.OwlFixWiFi;
				PRODUCT_NAME = "$(TARGET_NAME)";
				SWIFT_EMIT_LOC_DIGESTS = YES;
				SWIFT_VERSION = 5.0;
				TARGETED_DEVICE_FAMILY = 7;
			};
			name = Debug;
		};
		A10000012C67000000000008 /* Release */ = {
			isa = XCBuildConfiguration;
			buildSettings = {
				ASSETCATALOG_COMPILER_APPICON_NAME = AppIcon;
				ASSETCATALOG_COMPILER_GLOBAL_ACCENT_COLOR_NAME = AccentColor;
				CODE_SIGN_STYLE = Automatic;
				COMBINE_HIDPI_IMAGES = YES;
				CURRENT_PROJECT_VERSION = 1;
				GENERATE_INFOPLIST_FILE = NO;
				INFOPLIST_FILE = OwlFixWiFi/Info.plist;
				INFOPLIST_KEY_NSHumanReadableCopyright = "";
				LD_RUNPATH_SEARCH_PATHS = (
					"$(inherited)",
					"@executable_path/../Frameworks",
				);
				MARKETING_VERSION = 1.1.0;
				PRODUCT_BUNDLE_IDENTIFIER = com.owlfix.OwlFixWiFi;
				PRODUCT_NAME = "$(TARGET_NAME)";
				SWIFT_EMIT_LOC_DIGESTS = YES;
				SWIFT_VERSION = 5.0;
				TARGETED_DEVICE_FAMILY = 7;
			};
			name = Release;
		};
/* End XCBuildConfiguration section */

/* Begin XCConfigurationList section */
		A10000002C67000000000002 /* Build configuration list for PBXProject "OwlFixWiFi" */ = {
			isa = XCConfigurationList;
			defaultConfigurationIsVisible = 0;
			defaultConfigurationName = Release;
			buildConfigurations = (
				A10000002C67000000000004 /* Debug */,
				A10000002C67000000000005 /* Release */,
			);
		};
		A10000012C67000000000006 /* Build configuration list for PBXNativeTarget "OwlFixWiFi" */ = {
			isa = XCConfigurationList;
			defaultConfigurationIsVisible = 0;
			defaultConfigurationName = Release;
			buildConfigurations = (
				A10000012C67000000000007 /* Debug */,
				A10000012C67000000000008 /* Release */,
			);
		};
/* End XCConfigurationList section */
	};
	rootObject = A10000002C67000000000001 /* Project object */;
}
